version = 1
revision = 1
requires-python = ">=3.12"

[[package]]
name = "beautifulsoup4"
version = "4.13.3"
source = { registry = "https://pypi.org/simple" }
dependencies = [
    { name = "soupsieve" },
    { name = "typing-extensions" },
]
sdist = { url = "https://files.pythonhosted.org/packages/f0/3c/adaf39ce1fb4afdd21b611e3d530b183bb7759c9b673d60db0e347fd4439/beautifulsoup4-4.13.3.tar.gz", hash = "sha256:1bd32405dacc920b42b83ba01644747ed77456a65760e285fbc47633ceddaf8b", size = 619516 }
wheels = [
    { url = "https://files.pythonhosted.org/packages/f9/49/6abb616eb3cbab6a7cca303dc02fdf3836de2e0b834bf966a7f5271a34d8/beautifulsoup4-4.13.3-py3-none-any.whl", hash = "sha256:99045d7d3f08f91f0d656bc9b7efbae189426cd913d830294a15eefa0ea4df16", size = 186015 },
]

[[package]]
name = "certifi"
version = "2025.1.31"
source = { registry = "https://pypi.org/simple" }
sdist = { url = "https://files.pythonhosted.org/packages/1c/ab/c9f1e32b7b1bf505bf26f0ef697775960db7932abeb7b516de930ba2705f/certifi-2025.1.31.tar.gz", hash = "sha256:3d5da6925056f6f18f119200434a4780a94263f10d1c21d032a6f6b2baa20651", size = 167577 }
wheels = [
    { url = "https://files.pythonhosted.org/packages/38/fc/bce832fd4fd99766c04d1ee0eead6b0ec6486fb100ae5e74c1d91292b982/certifi-2025.1.31-py3-none-any.whl", hash = "sha256:ca78db4565a652026a4db2bcdf68f2fb589ea80d0be70e03929ed730746b84fe", size = 166393 },
]

[[package]]
name = "charset-normalizer"
version = "3.4.1"
source = { registry = "https://pypi.org/simple" }
sdist = { url = "https://files.pythonhosted.org/packages/16/b0/572805e227f01586461c80e0fd25d65a2115599cc9dad142fee4b747c357/charset_normalizer-3.4.1.tar.gz", hash = "sha256:44251f18cd68a75b56585dd00dae26183e102cd5e0f9f1466e6df5da2ed64ea3", size = 123188 }
wheels = [
    { url = "https://files.pythonhosted.org/packages/0a/9a/dd1e1cdceb841925b7798369a09279bd1cf183cef0f9ddf15a3a6502ee45/charset_normalizer-3.4.1-cp312-cp312-macosx_10_13_universal2.whl", hash = "sha256:73d94b58ec7fecbc7366247d3b0b10a21681004153238750bb67bd9012414545", size = 196105 },
    { url = "https://files.pythonhosted.org/packages/d3/8c/90bfabf8c4809ecb648f39794cf2a84ff2e7d2a6cf159fe68d9a26160467/charset_normalizer-3.4.1-cp312-cp312-manylinux_2_17_aarch64.manylinux2014_aarch64.whl", hash = "sha256:dad3e487649f498dd991eeb901125411559b22e8d7ab25d3aeb1af367df5efd7", size = 140404 },
    { url = "https://files.pythonhosted.org/packages/ad/8f/e410d57c721945ea3b4f1a04b74f70ce8fa800d393d72899f0a40526401f/charset_normalizer-3.4.1-cp312-cp312-manylinux_2_17_ppc64le.manylinux2014_ppc64le.whl", hash = "sha256:c30197aa96e8eed02200a83fba2657b4c3acd0f0aa4bdc9f6c1af8e8962e0757", size = 150423 },
    { url = "https://files.pythonhosted.org/packages/f0/b8/e6825e25deb691ff98cf5c9072ee0605dc2acfca98af70c2d1b1bc75190d/charset_normalizer-3.4.1-cp312-cp312-manylinux_2_17_s390x.manylinux2014_s390x.whl", hash = "sha256:2369eea1ee4a7610a860d88f268eb39b95cb588acd7235e02fd5a5601773d4fa", size = 143184 },
    { url = "https://files.pythonhosted.org/packages/3e/a2/513f6cbe752421f16d969e32f3583762bfd583848b763913ddab8d9bfd4f/charset_normalizer-3.4.1-cp312-cp312-manylinux_2_17_x86_64.manylinux2014_x86_64.whl", hash = "sha256:bc2722592d8998c870fa4e290c2eec2c1569b87fe58618e67d38b4665dfa680d", size = 145268 },
    { url = "https://files.pythonhosted.org/packages/74/94/8a5277664f27c3c438546f3eb53b33f5b19568eb7424736bdc440a88a31f/charset_normalizer-3.4.1-cp312-cp312-manylinux_2_5_i686.manylinux1_i686.manylinux_2_17_i686.manylinux2014_i686.whl", hash = "sha256:ffc9202a29ab3920fa812879e95a9e78b2465fd10be7fcbd042899695d75e616", size = 147601 },
    { url = "https://files.pythonhosted.org/packages/7c/5f/6d352c51ee763623a98e31194823518e09bfa48be2a7e8383cf691bbb3d0/charset_normalizer-3.4.1-cp312-cp312-musllinux_1_2_aarch64.whl", hash = "sha256:804a4d582ba6e5b747c625bf1255e6b1507465494a40a2130978bda7b932c90b", size = 141098 },
    { url = "https://files.pythonhosted.org/packages/78/d4/f5704cb629ba5ab16d1d3d741396aec6dc3ca2b67757c45b0599bb010478/charset_normalizer-3.4.1-cp312-cp312-musllinux_1_2_i686.whl", hash = "sha256:0f55e69f030f7163dffe9fd0752b32f070566451afe180f99dbeeb81f511ad8d", size = 149520 },
    { url = "https://files.pythonhosted.org/packages/c5/96/64120b1d02b81785f222b976c0fb79a35875457fa9bb40827678e54d1bc8/charset_normalizer-3.4.1-cp312-cp312-musllinux_1_2_ppc64le.whl", hash = "sha256:c4c3e6da02df6fa1410a7680bd3f63d4f710232d3139089536310d027950696a", size = 152852 },
    { url = "https://files.pythonhosted.org/packages/84/c9/98e3732278a99f47d487fd3468bc60b882920cef29d1fa6ca460a1fdf4e6/charset_normalizer-3.4.1-cp312-cp312-musllinux_1_2_s390x.whl", hash = "sha256:5df196eb874dae23dcfb968c83d4f8fdccb333330fe1fc278ac5ceeb101003a9", size = 150488 },
    { url = "https://files.pythonhosted.org/packages/13/0e/9c8d4cb99c98c1007cc11eda969ebfe837bbbd0acdb4736d228ccaabcd22/charset_normalizer-3.4.1-cp312-cp312-musllinux_1_2_x86_64.whl", hash = "sha256:e358e64305fe12299a08e08978f51fc21fac060dcfcddd95453eabe5b93ed0e1", size = 146192 },
    { url = "https://files.pythonhosted.org/packages/b2/21/2b6b5b860781a0b49427309cb8670785aa543fb2178de875b87b9cc97746/charset_normalizer-3.4.1-cp312-cp312-win32.whl", hash = "sha256:9b23ca7ef998bc739bf6ffc077c2116917eabcc901f88da1b9856b210ef63f35", size = 95550 },
    { url = "https://files.pythonhosted.org/packages/21/5b/1b390b03b1d16c7e382b561c5329f83cc06623916aab983e8ab9239c7d5c/charset_normalizer-3.4.1-cp312-cp312-win_amd64.whl", hash = "sha256:6ff8a4a60c227ad87030d76e99cd1698345d4491638dfa6673027c48b3cd395f", size = 102785 },
    { url = "https://files.pythonhosted.org/packages/38/94/ce8e6f63d18049672c76d07d119304e1e2d7c6098f0841b51c666e9f44a0/charset_normalizer-3.4.1-cp313-cp313-macosx_10_13_universal2.whl", hash = "sha256:aabfa34badd18f1da5ec1bc2715cadc8dca465868a4e73a0173466b688f29dda", size = 195698 },
    { url = "https://files.pythonhosted.org/packages/24/2e/dfdd9770664aae179a96561cc6952ff08f9a8cd09a908f259a9dfa063568/charset_normalizer-3.4.1-cp313-cp313-manylinux_2_17_aarch64.manylinux2014_aarch64.whl", hash = "sha256:22e14b5d70560b8dd51ec22863f370d1e595ac3d024cb8ad7d308b4cd95f8313", size = 140162 },
    { url = "https://files.pythonhosted.org/packages/24/4e/f646b9093cff8fc86f2d60af2de4dc17c759de9d554f130b140ea4738ca6/charset_normalizer-3.4.1-cp313-cp313-manylinux_2_17_ppc64le.manylinux2014_ppc64le.whl", hash = "sha256:8436c508b408b82d87dc5f62496973a1805cd46727c34440b0d29d8a2f50a6c9", size = 150263 },
    { url = "https://files.pythonhosted.org/packages/5e/67/2937f8d548c3ef6e2f9aab0f6e21001056f692d43282b165e7c56023e6dd/charset_normalizer-3.4.1-cp313-cp313-manylinux_2_17_s390x.manylinux2014_s390x.whl", hash = "sha256:2d074908e1aecee37a7635990b2c6d504cd4766c7bc9fc86d63f9c09af3fa11b", size = 142966 },
    { url = "https://files.pythonhosted.org/packages/52/ed/b7f4f07de100bdb95c1756d3a4d17b90c1a3c53715c1a476f8738058e0fa/charset_normalizer-3.4.1-cp313-cp313-manylinux_2_17_x86_64.manylinux2014_x86_64.whl", hash = "sha256:955f8851919303c92343d2f66165294848d57e9bba6cf6e3625485a70a038d11", size = 144992 },
    { url = "https://files.pythonhosted.org/packages/96/2c/d49710a6dbcd3776265f4c923bb73ebe83933dfbaa841c5da850fe0fd20b/charset_normalizer-3.4.1-cp313-cp313-manylinux_2_5_i686.manylinux1_i686.manylinux_2_17_i686.manylinux2014_i686.whl", hash = "sha256:44ecbf16649486d4aebafeaa7ec4c9fed8b88101f4dd612dcaf65d5e815f837f", size = 147162 },
    { url = "https://files.pythonhosted.org/packages/b4/41/35ff1f9a6bd380303dea55e44c4933b4cc3c4850988927d4082ada230273/charset_normalizer-3.4.1-cp313-cp313-musllinux_1_2_aarch64.whl", hash = "sha256:0924e81d3d5e70f8126529951dac65c1010cdf117bb75eb02dd12339b57749dd", size = 140972 },
    { url = "https://files.pythonhosted.org/packages/fb/43/c6a0b685fe6910d08ba971f62cd9c3e862a85770395ba5d9cad4fede33ab/charset_normalizer-3.4.1-cp313-cp313-musllinux_1_2_i686.whl", hash = "sha256:2967f74ad52c3b98de4c3b32e1a44e32975e008a9cd2a8cc8966d6a5218c5cb2", size = 149095 },
    { url = "https://files.pythonhosted.org/packages/4c/ff/a9a504662452e2d2878512115638966e75633519ec11f25fca3d2049a94a/charset_normalizer-3.4.1-cp313-cp313-musllinux_1_2_ppc64le.whl", hash = "sha256:c75cb2a3e389853835e84a2d8fb2b81a10645b503eca9bcb98df6b5a43eb8886", size = 152668 },
    { url = "https://files.pythonhosted.org/packages/6c/71/189996b6d9a4b932564701628af5cee6716733e9165af1d5e1b285c530ed/charset_normalizer-3.4.1-cp313-cp313-musllinux_1_2_s390x.whl", hash = "sha256:09b26ae6b1abf0d27570633b2b078a2a20419c99d66fb2823173d73f188ce601", size = 150073 },
    { url = "https://files.pythonhosted.org/packages/e4/93/946a86ce20790e11312c87c75ba68d5f6ad2208cfb52b2d6a2c32840d922/charset_normalizer-3.4.1-cp313-cp313-musllinux_1_2_x86_64.whl", hash = "sha256:fa88b843d6e211393a37219e6a1c1df99d35e8fd90446f1118f4216e307e48cd", size = 145732 },
    { url = "https://files.pythonhosted.org/packages/cd/e5/131d2fb1b0dddafc37be4f3a2fa79aa4c037368be9423061dccadfd90091/charset_normalizer-3.4.1-cp313-cp313-win32.whl", hash = "sha256:eb8178fe3dba6450a3e024e95ac49ed3400e506fd4e9e5c32d30adda88cbd407", size = 95391 },
    { url = "https://files.pythonhosted.org/packages/27/f2/4f9a69cc7712b9b5ad8fdb87039fd89abba997ad5cbe690d1835d40405b0/charset_normalizer-3.4.1-cp313-cp313-win_amd64.whl", hash = "sha256:b1ac5992a838106edb89654e0aebfc24f5848ae2547d22c2c3f66454daa11971", size = 102702 },
    { url = "https://files.pythonhosted.org/packages/0e/f6/65ecc6878a89bb1c23a086ea335ad4bf21a588990c3f535a227b9eea9108/charset_normalizer-3.4.1-py3-none-any.whl", hash = "sha256:d98b1668f06378c6dbefec3b92299716b931cd4e6061f3c875a71ced1780ab85", size = 49767 },
]

[[package]]
name = "feedendum"
version = "0.4.0"
source = { registry = "https://pypi.org/simple" }
dependencies = [
    { name = "lxml" },
]
sdist = { url = "https://files.pythonhosted.org/packages/61/29/7c576770ad2776e5412afec7f932b5d533126397531bba0db1ac17ac252a/feedendum-0.4.0.tar.gz", hash = "sha256:eb12bd086ab3cf7229a9041dd8d41d01943bd6e5ee7a9e31cd347490b9b03fab", size = 83313 }
wheels = [
    { url = "https://files.pythonhosted.org/packages/17/62/67409e7db9da41c5afe207bc28c1b46c8c5f5b99d6c90f27515cd696ca80/feedendum-0.4.0-py3-none-any.whl", hash = "sha256:8c6a41177766c4205a6e6fd6110a91fc681c29d63405c3881de39f3c7f300ed9", size = 34469 },
]

[[package]]
name = "idna"
version = "3.10"
source = { registry = "https://pypi.org/simple" }
sdist = { url = "https://files.pythonhosted.org/packages/f1/70/7703c29685631f5a7590aa73f1f1d3fa9a380e654b86af429e0934a32f7d/idna-3.10.tar.gz", hash = "sha256:12f65c9b470abda6dc35cf8e63cc574b1c52b11df2c86030af0ac09b01b13ea9", size = 190490 }
wheels = [
    { url = "https://files.pythonhosted.org/packages/76/c6/c88e154df9c4e1a2a66ccf0005a88dfb2650c1dffb6f5ce603dfbd452ce3/idna-3.10-py3-none-any.whl", hash = "sha256:946d195a0d259cbba61165e88e65941f16e9b36ea6ddb97f00452bae8b1287d3", size = 70442 },
]

[[package]]
name = "lxml"
version = "5.3.2"
source = { registry = "https://pypi.org/simple" }
sdist = { url = "https://files.pythonhosted.org/packages/80/61/d3dc048cd6c7be6fe45b80cedcbdd4326ba4d550375f266d9f4246d0f4bc/lxml-5.3.2.tar.gz", hash = "sha256:773947d0ed809ddad824b7b14467e1a481b8976e87278ac4a730c2f7c7fcddc1", size = 3679948 }
wheels = [
    { url = "https://files.pythonhosted.org/packages/0d/7e/c749257a7fabc712c4df57927b0f703507f316e9f2c7e3219f8f76d36145/lxml-5.3.2-cp312-cp312-macosx_10_9_universal2.whl", hash = "sha256:16b3897691ec0316a1aa3c6585f61c8b7978475587c5b16fc1d2c28d283dc1b0", size = 8193212 },
    { url = "https://files.pythonhosted.org/packages/a8/50/17e985ba162c9f1ca119f4445004b58f9e5ef559ded599b16755e9bfa260/lxml-5.3.2-cp312-cp312-macosx_10_9_x86_64.whl", hash = "sha256:a8d4b34a0eeaf6e73169dcfd653c8d47f25f09d806c010daf074fba2db5e2d3f", size = 4451439 },
    { url = "https://files.pythonhosted.org/packages/c2/b5/4960ba0fcca6ce394ed4a2f89ee13083e7fcbe9641a91166e8e9792fedb1/lxml-5.3.2-cp312-cp312-manylinux_2_12_i686.manylinux2010_i686.manylinux_2_17_i686.manylinux2014_i686.whl", hash = "sha256:9cd7a959396da425022e1e4214895b5cfe7de7035a043bcc2d11303792b67554", size = 5052146 },
    { url = "https://files.pythonhosted.org/packages/5f/d1/184b04481a5d1f5758916de087430752a7b229bddbd6c1d23405078c72bd/lxml-5.3.2-cp312-cp312-manylinux_2_17_aarch64.manylinux2014_aarch64.whl", hash = "sha256:cac5eaeec3549c5df7f8f97a5a6db6963b91639389cdd735d5a806370847732b", size = 4789082 },
    { url = "https://files.pythonhosted.org/packages/7d/75/1a19749d373e9a3d08861addccdf50c92b628c67074b22b8f3c61997cf5a/lxml-5.3.2-cp312-cp312-manylinux_2_17_ppc64le.manylinux2014_ppc64le.whl", hash = "sha256:29b5f7d77334877c2146e7bb8b94e4df980325fab0a8af4d524e5d43cd6f789d", size = 5312300 },
    { url = "https://files.pythonhosted.org/packages/fb/00/9d165d4060d3f347e63b219fcea5c6a3f9193e9e2868c6801e18e5379725/lxml-5.3.2-cp312-cp312-manylinux_2_17_s390x.manylinux2014_s390x.whl", hash = "sha256:13f3495cfec24e3d63fffd342cc8141355d1d26ee766ad388775f5c8c5ec3932", size = 4836655 },
    { url = "https://files.pythonhosted.org/packages/b8/e9/06720a33cc155966448a19677f079100517b6629a872382d22ebd25e48aa/lxml-5.3.2-cp312-cp312-manylinux_2_17_x86_64.manylinux2014_x86_64.whl", hash = "sha256:e70ad4c9658beeff99856926fd3ee5fde8b519b92c693f856007177c36eb2e30", size = 4961795 },
    { url = "https://files.pythonhosted.org/packages/2d/57/4540efab2673de2904746b37ef7f74385329afd4643ed92abcc9ec6e00ca/lxml-5.3.2-cp312-cp312-manylinux_2_28_aarch64.whl", hash = "sha256:507085365783abd7879fa0a6fa55eddf4bdd06591b17a2418403bb3aff8a267d", size = 4779791 },
    { url = "https://files.pythonhosted.org/packages/99/ad/6056edf6c9f4fa1d41e6fbdae52c733a4a257fd0d7feccfa26ae051bb46f/lxml-5.3.2-cp312-cp312-manylinux_2_28_ppc64le.whl", hash = "sha256:5bb304f67cbf5dfa07edad904732782cbf693286b9cd85af27059c5779131050", size = 5346807 },
    { url = "https://files.pythonhosted.org/packages/a1/fa/5be91fc91a18f3f705ea5533bc2210b25d738c6b615bf1c91e71a9b2f26b/lxml-5.3.2-cp312-cp312-manylinux_2_28_s390x.whl", hash = "sha256:3d84f5c093645c21c29a4e972b84cb7cf682f707f8706484a5a0c7ff13d7a988", size = 4909213 },
    { url = "https://files.pythonhosted.org/packages/f3/74/71bb96a3b5ae36b74e0402f4fa319df5559a8538577f8c57c50f1b57dc15/lxml-5.3.2-cp312-cp312-manylinux_2_28_x86_64.whl", hash = "sha256:bdc13911db524bd63f37b0103af014b7161427ada41f1b0b3c9b5b5a9c1ca927", size = 4987694 },
    { url = "https://files.pythonhosted.org/packages/08/c2/3953a68b0861b2f97234b1838769269478ccf872d8ea7a26e911238220ad/lxml-5.3.2-cp312-cp312-musllinux_1_2_aarch64.whl", hash = "sha256:1ec944539543f66ebc060ae180d47e86aca0188bda9cbfadff47d86b0dc057dc", size = 4862865 },
    { url = "https://files.pythonhosted.org/packages/e0/9a/52e48f7cfd5a5e61f44a77e679880580dfb4f077af52d6ed5dd97e3356fe/lxml-5.3.2-cp312-cp312-musllinux_1_2_ppc64le.whl", hash = "sha256:59d437cc8a7f838282df5a199cf26f97ef08f1c0fbec6e84bd6f5cc2b7913f6e", size = 5423383 },
    { url = "https://files.pythonhosted.org/packages/17/67/42fe1d489e4dcc0b264bef361aef0b929fbb2b5378702471a3043bc6982c/lxml-5.3.2-cp312-cp312-musllinux_1_2_s390x.whl", hash = "sha256:0e275961adbd32e15672e14e0cc976a982075208224ce06d149c92cb43db5b93", size = 5286864 },
    { url = "https://files.pythonhosted.org/packages/29/e4/03b1d040ee3aaf2bd4e1c2061de2eae1178fe9a460d3efc1ea7ef66f6011/lxml-5.3.2-cp312-cp312-musllinux_1_2_x86_64.whl", hash = "sha256:038aeb6937aa404480c2966b7f26f1440a14005cb0702078c173c028eca72c31", size = 5056819 },
    { url = "https://files.pythonhosted.org/packages/83/b3/e2ec8a6378e4d87da3af9de7c862bcea7ca624fc1a74b794180c82e30123/lxml-5.3.2-cp312-cp312-win32.whl", hash = "sha256:3c2c8d0fa3277147bff180e3590be67597e17d365ce94beb2efa3138a2131f71", size = 3486177 },
    { url = "https://files.pythonhosted.org/packages/d5/8a/6a08254b0bab2da9573735725caab8302a2a1c9b3818533b41568ca489be/lxml-5.3.2-cp312-cp312-win_amd64.whl", hash = "sha256:77809fcd97dfda3f399102db1794f7280737b69830cd5c961ac87b3c5c05662d", size = 3817134 },
    { url = "https://files.pythonhosted.org/packages/19/fe/904fd1b0ba4f42ed5a144fcfff7b8913181892a6aa7aeb361ee783d441f8/lxml-5.3.2-cp313-cp313-macosx_10_13_universal2.whl", hash = "sha256:77626571fb5270ceb36134765f25b665b896243529eefe840974269b083e090d", size = 8173598 },
    { url = "https://files.pythonhosted.org/packages/97/e8/5e332877b3ce4e2840507b35d6dbe1cc33b17678ece945ba48d2962f8c06/lxml-5.3.2-cp313-cp313-macosx_10_13_x86_64.whl", hash = "sha256:78a533375dc7aa16d0da44af3cf6e96035e484c8c6b2b2445541a5d4d3d289ee", size = 4441586 },
    { url = "https://files.pythonhosted.org/packages/de/f4/8fe2e6d8721803182fbce2325712e98f22dbc478126070e62731ec6d54a0/lxml-5.3.2-cp313-cp313-manylinux_2_12_i686.manylinux2010_i686.manylinux_2_17_i686.manylinux2014_i686.whl", hash = "sha256:a6f62b2404b3f3f0744bbcabb0381c5fe186fa2a9a67ecca3603480f4846c585", size = 5038447 },
    { url = "https://files.pythonhosted.org/packages/a6/ac/fa63f86a1a4b1ba8b03599ad9e2f5212fa813223ac60bfe1155390d1cc0c/lxml-5.3.2-cp313-cp313-manylinux_2_17_aarch64.manylinux2014_aarch64.whl", hash = "sha256:2ea918da00091194526d40c30c4996971f09dacab032607581f8d8872db34fbf", size = 4783583 },
    { url = "https://files.pythonhosted.org/packages/1a/7a/08898541296a02c868d4acc11f31a5839d80f5b21d4a96f11d4c0fbed15e/lxml-5.3.2-cp313-cp313-manylinux_2_17_ppc64le.manylinux2014_ppc64le.whl", hash = "sha256:c35326f94702a7264aa0eea826a79547d3396a41ae87a70511b9f6e9667ad31c", size = 5305684 },
    { url = "https://files.pythonhosted.org/packages/0b/be/9a6d80b467771b90be762b968985d3de09e0d5886092238da65dac9c1f75/lxml-5.3.2-cp313-cp313-manylinux_2_17_s390x.manylinux2014_s390x.whl", hash = "sha256:e3bef90af21d31c4544bc917f51e04f94ae11b43156356aff243cdd84802cbf2", size = 4830797 },
    { url = "https://files.pythonhosted.org/packages/8d/1c/493632959f83519802637f7db3be0113b6e8a4e501b31411fbf410735a75/lxml-5.3.2-cp313-cp313-manylinux_2_17_x86_64.manylinux2014_x86_64.whl", hash = "sha256:52fa7ba11a495b7cbce51573c73f638f1dcff7b3ee23697467dc063f75352a69", size = 4950302 },
    { url = "https://files.pythonhosted.org/packages/c7/13/01aa3b92a6b93253b90c061c7527261b792f5ae7724b420cded733bfd5d6/lxml-5.3.2-cp313-cp313-manylinux_2_28_aarch64.whl", hash = "sha256:ad131e2c4d2c3803e736bb69063382334e03648de2a6b8f56a878d700d4b557d", size = 4775247 },
    { url = "https://files.pythonhosted.org/packages/60/4a/baeb09fbf5c84809e119c9cf8e2e94acec326a9b45563bf5ae45a234973b/lxml-5.3.2-cp313-cp313-manylinux_2_28_ppc64le.whl", hash = "sha256:00a4463ca409ceacd20490a893a7e08deec7870840eff33dc3093067b559ce3e", size = 5338824 },
    { url = "https://files.pythonhosted.org/packages/69/c7/a05850f169ad783ed09740ac895e158b06d25fce4b13887a8ac92a84d61c/lxml-5.3.2-cp313-cp313-manylinux_2_28_s390x.whl", hash = "sha256:87e8d78205331cace2b73ac8249294c24ae3cba98220687b5b8ec5971a2267f1", size = 4899079 },
    { url = "https://files.pythonhosted.org/packages/de/48/18ca583aba5235582db0e933ed1af6540226ee9ca16c2ee2d6f504fcc34a/lxml-5.3.2-cp313-cp313-manylinux_2_28_x86_64.whl", hash = "sha256:bf6389133bb255e530a4f2f553f41c4dd795b1fbb6f797aea1eff308f1e11606", size = 4978041 },
    { url = "https://files.pythonhosted.org/packages/b6/55/6968ddc88554209d1dba0dca196360c629b3dfe083bc32a3370f9523a0c4/lxml-5.3.2-cp313-cp313-musllinux_1_2_aarch64.whl", hash = "sha256:b3709fc752b42fb6b6ffa2ba0a5b9871646d97d011d8f08f4d5b3ee61c7f3b2b", size = 4859761 },
    { url = "https://files.pythonhosted.org/packages/2e/52/d2d3baa1e0b7d04a729613160f1562f466fb1a0e45085a33acb0d6981a2b/lxml-5.3.2-cp313-cp313-musllinux_1_2_ppc64le.whl", hash = "sha256:abc795703d0de5d83943a4badd770fbe3d1ca16ee4ff3783d7caffc252f309ae", size = 5418209 },
    { url = "https://files.pythonhosted.org/packages/d3/50/6005b297ba5f858a113d6e81ccdb3a558b95a615772e7412d1f1cbdf22d7/lxml-5.3.2-cp313-cp313-musllinux_1_2_s390x.whl", hash = "sha256:98050830bb6510159f65d9ad1b8aca27f07c01bb3884ba95f17319ccedc4bcf9", size = 5274231 },
    { url = "https://files.pythonhosted.org/packages/fb/33/6f40c09a5f7d7e7fcb85ef75072e53eba3fbadbf23e4991ca069ab2b1abb/lxml-5.3.2-cp313-cp313-musllinux_1_2_x86_64.whl", hash = "sha256:6ba465a91acc419c5682f8b06bcc84a424a7aa5c91c220241c6fd31de2a72bc6", size = 5051899 },
    { url = "https://files.pythonhosted.org/packages/8b/3a/673bc5c0d5fb6596ee2963dd016fdaefaed2c57ede82c7634c08cbda86c1/lxml-5.3.2-cp313-cp313-win32.whl", hash = "sha256:56a1d56d60ea1ec940f949d7a309e0bff05243f9bd337f585721605670abb1c1", size = 3485315 },
    { url = "https://files.pythonhosted.org/packages/8c/be/cab8dd33b0dbe3af5b5d4d24137218f79ea75d540f74eb7d8581195639e0/lxml-5.3.2-cp313-cp313-win_amd64.whl", hash = "sha256:1a580dc232c33d2ad87d02c8a3069d47abbcdce974b9c9cc82a79ff603065dbe", size = 3814639 },
]

[[package]]
name = "raiplaysound"
version = "0.2.0"
source = { editable = "." }
dependencies = [
    { name = "beautifulsoup4" },
    { name = "feedendum" },
    { name = "lxml" },
    { name = "requests" },
    { name = "soupsieve" },
]

[package.metadata]
requires-dist = [
    { name = "beautifulsoup4", specifier = ">=4.12.3,<5" },
    { name = "feedendum", specifier = ">=0.4.0,<1" },
    { name = "lxml", specifier = ">=5.3.0,<6" },
    { name = "requests", specifier = ">=2.32.3,<3" },
    { name = "soupsieve", specifier = ">=2.6,<3" },
]

[[package]]
name = "requests"
version = "2.32.3"
source = { registry = "https://pypi.org/simple" }
dependencies = [
    { name = "certifi" },
    { name = "charset-normalizer" },
    { name = "idna" },
    { name = "urllib3" },
]
sdist = { url = "https://files.pythonhosted.org/packages/63/70/2bf7780ad2d390a8d301ad0b550f1581eadbd9a20f896afe06353c2a2913/requests-2.32.3.tar.gz", hash = "sha256:55365417734eb18255590a9ff9eb97e9e1da868d4ccd6402399eaf68af20a760", size = 131218 }
wheels = [
    { url = "https://files.pythonhosted.org/packages/f9/9b/335f9764261e915ed497fcdeb11df5dfd6f7bf257d4a6a2a686d80da4d54/requests-2.32.3-py3-none-any.whl", hash = "sha256:70761cfe03c773ceb22aa2f671b4757976145175cdfca038c02654d061d6dcc6", size = 64928 },
]

[[package]]
name = "soupsieve"
version = "2.6"
source = { registry = "https://pypi.org/simple" }
sdist = { url = "https://files.pythonhosted.org/packages/d7/ce/fbaeed4f9fb8b2daa961f90591662df6a86c1abf25c548329a86920aedfb/soupsieve-2.6.tar.gz", hash = "sha256:e2e68417777af359ec65daac1057404a3c8a5455bb8abc36f1a9866ab1a51abb", size = 101569 }
wheels = [
    { url = "https://files.pythonhosted.org/packages/d1/c2/fe97d779f3ef3b15f05c94a2f1e3d21732574ed441687474db9d342a7315/soupsieve-2.6-py3-none-any.whl", hash = "sha256:e72c4ff06e4fb6e4b5a9f0f55fe6e81514581fca1515028625d0f299c602ccc9", size = 36186 },
]

[[package]]
name = "typing-extensions"
version = "4.13.2"
source = { registry = "https://pypi.org/simple" }
sdist = { url = "https://files.pythonhosted.org/packages/f6/37/23083fcd6e35492953e8d2aaaa68b860eb422b34627b13f2ce3eb6106061/typing_extensions-4.13.2.tar.gz", hash = "sha256:e6c81219bd689f51865d9e372991c540bda33a0379d5573cddb9a3a23f7caaef", size = 106967 }
wheels = [
    { url = "https://files.pythonhosted.org/packages/8b/54/b1ae86c0973cc6f0210b53d508ca3641fb6d0c56823f288d108bc7ab3cc8/typing_extensions-4.13.2-py3-none-any.whl", hash = "sha256:a439e7c04b49fec3e5d3e2beaa21755cadbbdc391694e28ccdd36ca4a1408f8c", size = 45806 },
]

[[package]]
name = "urllib3"
version = "2.4.0"
source = { registry = "https://pypi.org/simple" }
sdist = { url = "https://files.pythonhosted.org/packages/8a/78/16493d9c386d8e60e442a35feac5e00f0913c0f4b7c217c11e8ec2ff53e0/urllib3-2.4.0.tar.gz", hash = "sha256:414bc6535b787febd7567804cc015fee39daab8ad86268f1310a9250697de466", size = 390672 }
wheels = [
    { url = "https://files.pythonhosted.org/packages/6b/11/cc635220681e93a0183390e26485430ca2c7b5f9d33b15c74c2861cb8091/urllib3-2.4.0-py3-none-any.whl", hash = "sha256:4e16665048960a0900c702d4a66415956a584919c03361cac9f1df5c5dd7e813", size = 128680 },
]
